// !$*UTF8*$!
{
	archiveVersion = 1;
	classes = {
	};
	objectVersion = 50;
	objects = {

/* Begin PBXBuildFile section */
		0E1F4404222C6BA000E60341 /* SweepViewController.swift in Sources */ = {isa = PBXBuildFile; fileRef = 0E1F4403222C6BA000E60341 /* SweepViewController.swift */; };
		0E1F4407222C6C2A00E60341 /* DataSource.swift in Sources */ = {isa = PBXBuildFile; fileRef = 0E1F4406222C6C2A00E60341 /* DataSource.swift */; };
		0E1F4412222C769E00E60341 /* DataSourceTests.swift in Sources */ = {isa = PBXBuildFile; fileRef = 0E1F4411222C769E00E60341 /* DataSourceTests.swift */; };
		0E1F4414222D276C00E60341 /* CollectionViewPartialMock.swift in Sources */ = {isa = PBXBuildFile; fileRef = 0E1F4413222D276C00E60341 /* CollectionViewPartialMock.swift */; };
		0E1F4417222D2BCF00E60341 /* ReusableCell.swift in Sources */ = {isa = PBXBuildFile; fileRef = 0E1F4416222D2BCF00E60341 /* ReusableCell.swift */; };
		0E1F441B222D302700E60341 /* PotViewController.swift in Sources */ = {isa = PBXBuildFile; fileRef = 0E1F441A222D302700E60341 /* PotViewController.swift */; };
		0E1F4421222D32BA00E60341 /* Storyboarded.swift in Sources */ = {isa = PBXBuildFile; fileRef = 0E1F4420222D32BA00E60341 /* Storyboarded.swift */; };
		0E1F4426222D357C00E60341 /* CardCell.swift in Sources */ = {isa = PBXBuildFile; fileRef = 0E1F4425222D357C00E60341 /* CardCell.swift */; };
		0E1F4428222D36B800E60341 /* PotViewModel.swift in Sources */ = {isa = PBXBuildFile; fileRef = 0E1F4427222D36B800E60341 /* PotViewModel.swift */; };
		0E1F4430222D432600E60341 /* PeekPagedFlowLayout.swift in Sources */ = {isa = PBXBuildFile; fileRef = 0E1F442F222D432600E60341 /* PeekPagedFlowLayout.swift */; };
		0EC25302222BF5A6006A5574 /* pots.json in Resources */ = {isa = PBXBuildFile; fileRef = 0EC25301222BF5A6006A5574 /* pots.json */; };
		0EC25304222BF5BF006A5574 /* PotsResponse.swift in Sources */ = {isa = PBXBuildFile; fileRef = 0EC25303222BF5BF006A5574 /* PotsResponse.swift */; };
		0EC25306222BF5C5006A5574 /* Pot.swift in Sources */ = {isa = PBXBuildFile; fileRef = 0EC25305222BF5C5006A5574 /* Pot.swift */; };
		0EC25309222BF699006A5574 /* DateFormatter+iso8601.swift in Sources */ = {isa = PBXBuildFile; fileRef = 0EC25308222BF699006A5574 /* DateFormatter+iso8601.swift */; };
		0EC2530B222BF812006A5574 /* PotsResponseTests.swift in Sources */ = {isa = PBXBuildFile; fileRef = 0EC2530A222BF812006A5574 /* PotsResponseTests.swift */; };
		0EC2530D222BF889006A5574 /* PotTests.swift in Sources */ = {isa = PBXBuildFile; fileRef = 0EC2530C222BF889006A5574 /* PotTests.swift */; };
		0ED0A090222BD338007057CA /* AppDelegate.swift in Sources */ = {isa = PBXBuildFile; fileRef = 0ED0A08F222BD338007057CA /* AppDelegate.swift */; };
		0ED0A095222BD338007057CA /* Main.storyboard in Resources */ = {isa = PBXBuildFile; fileRef = 0ED0A093222BD338007057CA /* Main.storyboard */; };
		0ED0A097222BD339007057CA /* Assets.xcassets in Resources */ = {isa = PBXBuildFile; fileRef = 0ED0A096222BD339007057CA /* Assets.xcassets */; };
		0ED0A09A222BD339007057CA /* LaunchScreen.storyboard in Resources */ = {isa = PBXBuildFile; fileRef = 0ED0A098222BD339007057CA /* LaunchScreen.storyboard */; };
		0ED0A0B6222BDADE007057CA /* Balance.swift in Sources */ = {isa = PBXBuildFile; fileRef = 0ED0A0B5222BDADE007057CA /* Balance.swift */; };
		0ED0A0B8222BDAFE007057CA /* BalanceTests.swift in Sources */ = {isa = PBXBuildFile; fileRef = 0ED0A0B7222BDAFE007057CA /* BalanceTests.swift */; };
		0ED0A0BB222BDC67007057CA /* JSONLoader.swift in Sources */ = {isa = PBXBuildFile; fileRef = 0ED0A0BA222BDC67007057CA /* JSONLoader.swift */; };
		0ED0A0BF222BDEE0007057CA /* balance.json in Resources */ = {isa = PBXBuildFile; fileRef = 0ED0A0BE222BDEE0007057CA /* balance.json */; };
		0ED0A0C1222BEBA3007057CA /* accounts.json in Resources */ = {isa = PBXBuildFile; fileRef = 0ED0A0C0222BEBA3007057CA /* accounts.json */; };
		0ED0A0C3222BEBB6007057CA /* Account.swift in Sources */ = {isa = PBXBuildFile; fileRef = 0ED0A0C2222BEBB6007057CA /* Account.swift */; };
		0ED0A0C5222BEBCA007057CA /* AccountTests.swift in Sources */ = {isa = PBXBuildFile; fileRef = 0ED0A0C4222BEBCA007057CA /* AccountTests.swift */; };
		0ED0A0C8222BEEB5007057CA /* AccountsResponse.swift in Sources */ = {isa = PBXBuildFile; fileRef = 0ED0A0C7222BEEB5007057CA /* AccountsResponse.swift */; };
		0ED0A0CA222BEF1B007057CA /* AccountsResponseTests.swift in Sources */ = {isa = PBXBuildFile; fileRef = 0ED0A0C9222BEF1B007057CA /* AccountsResponseTests.swift */; };
/* End PBXBuildFile section */

/* Begin PBXContainerItemProxy section */
		0ED0A0A1222BD339007057CA /* PBXContainerItemProxy */ = {
			isa = PBXContainerItemProxy;
			containerPortal = 0ED0A084222BD338007057CA /* Project object */;
			proxyType = 1;
			remoteGlobalIDString = 0ED0A08B222BD338007057CA;
			remoteInfo = Sweep;
		};
/* End PBXContainerItemProxy section */

/* Begin PBXFileReference section */
		0E1F4403222C6BA000E60341 /* SweepViewController.swift */ = {isa = PBXFileReference; lastKnownFileType = sourcecode.swift; path = SweepViewController.swift; sourceTree = "<group>"; };
		0E1F4406222C6C2A00E60341 /* DataSource.swift */ = {isa = PBXFileReference; lastKnownFileType = sourcecode.swift; path = DataSource.swift; sourceTree = "<group>"; };
		0E1F4411222C769E00E60341 /* DataSourceTests.swift */ = {isa = PBXFileReference; lastKnownFileType = sourcecode.swift; path = DataSourceTests.swift; sourceTree = "<group>"; };
		0E1F4413222D276C00E60341 /* CollectionViewPartialMock.swift */ = {isa = PBXFileReference; lastKnownFileType = sourcecode.swift; path = CollectionViewPartialMock.swift; sourceTree = "<group>"; };
		0E1F4416222D2BCF00E60341 /* ReusableCell.swift */ = {isa = PBXFileReference; lastKnownFileType = sourcecode.swift; path = ReusableCell.swift; sourceTree = "<group>"; };
		0E1F441A222D302700E60341 /* PotViewController.swift */ = {isa = PBXFileReference; lastKnownFileType = sourcecode.swift; path = PotViewController.swift; sourceTree = "<group>"; };
		0E1F4420222D32BA00E60341 /* Storyboarded.swift */ = {isa = PBXFileReference; lastKnownFileType = sourcecode.swift; path = Storyboarded.swift; sourceTree = "<group>"; };
		0E1F4425222D357C00E60341 /* CardCell.swift */ = {isa = PBXFileReference; fileEncoding = 4; lastKnownFileType = sourcecode.swift; path = CardCell.swift; sourceTree = "<group>"; };
		0E1F4427222D36B800E60341 /* PotViewModel.swift */ = {isa = PBXFileReference; lastKnownFileType = sourcecode.swift; path = PotViewModel.swift; sourceTree = "<group>"; };
		0E1F442F222D432600E60341 /* PeekPagedFlowLayout.swift */ = {isa = PBXFileReference; lastKnownFileType = sourcecode.swift; path = PeekPagedFlowLayout.swift; sourceTree = "<group>"; };
		0EC25301222BF5A6006A5574 /* pots.json */ = {isa = PBXFileReference; fileEncoding = 4; lastKnownFileType = text.json; path = pots.json; sourceTree = "<group>"; };
		0EC25303222BF5BF006A5574 /* PotsResponse.swift */ = {isa = PBXFileReference; lastKnownFileType = sourcecode.swift; path = PotsResponse.swift; sourceTree = "<group>"; };
		0EC25305222BF5C5006A5574 /* Pot.swift */ = {isa = PBXFileReference; lastKnownFileType = sourcecode.swift; path = Pot.swift; sourceTree = "<group>"; };
		0EC25308222BF699006A5574 /* DateFormatter+iso8601.swift */ = {isa = PBXFileReference; lastKnownFileType = sourcecode.swift; path = "DateFormatter+iso8601.swift"; sourceTree = "<group>"; };
		0EC2530A222BF812006A5574 /* PotsResponseTests.swift */ = {isa = PBXFileReference; lastKnownFileType = sourcecode.swift; path = PotsResponseTests.swift; sourceTree = "<group>"; };
		0EC2530C222BF889006A5574 /* PotTests.swift */ = {isa = PBXFileReference; lastKnownFileType = sourcecode.swift; path = PotTests.swift; sourceTree = "<group>"; };
		0ED0A08C222BD338007057CA /* Sweep.app */ = {isa = PBXFileReference; explicitFileType = wrapper.application; includeInIndex = 0; path = Sweep.app; sourceTree = BUILT_PRODUCTS_DIR; };
		0ED0A08F222BD338007057CA /* AppDelegate.swift */ = {isa = PBXFileReference; lastKnownFileType = sourcecode.swift; path = AppDelegate.swift; sourceTree = "<group>"; };
		0ED0A094222BD338007057CA /* Base */ = {isa = PBXFileReference; lastKnownFileType = file.storyboard; name = Base; path = Base.lproj/Main.storyboard; sourceTree = "<group>"; };
		0ED0A096222BD339007057CA /* Assets.xcassets */ = {isa = PBXFileReference; lastKnownFileType = folder.assetcatalog; path = Assets.xcassets; sourceTree = "<group>"; };
		0ED0A099222BD339007057CA /* Base */ = {isa = PBXFileReference; lastKnownFileType = file.storyboard; name = Base; path = Base.lproj/LaunchScreen.storyboard; sourceTree = "<group>"; };
		0ED0A09B222BD339007057CA /* Info.plist */ = {isa = PBXFileReference; lastKnownFileType = text.plist.xml; path = Info.plist; sourceTree = "<group>"; };
		0ED0A0A0222BD339007057CA /* SweepTests.xctest */ = {isa = PBXFileReference; explicitFileType = wrapper.cfbundle; includeInIndex = 0; path = SweepTests.xctest; sourceTree = BUILT_PRODUCTS_DIR; };
		0ED0A0A6222BD339007057CA /* Info.plist */ = {isa = PBXFileReference; lastKnownFileType = text.plist.xml; path = Info.plist; sourceTree = "<group>"; };
		0ED0A0B5222BDADE007057CA /* Balance.swift */ = {isa = PBXFileReference; lastKnownFileType = sourcecode.swift; path = Balance.swift; sourceTree = "<group>"; };
		0ED0A0B7222BDAFE007057CA /* BalanceTests.swift */ = {isa = PBXFileReference; lastKnownFileType = sourcecode.swift; path = BalanceTests.swift; sourceTree = "<group>"; };
		0ED0A0BA222BDC67007057CA /* JSONLoader.swift */ = {isa = PBXFileReference; lastKnownFileType = sourcecode.swift; path = JSONLoader.swift; sourceTree = "<group>"; };
		0ED0A0BE222BDEE0007057CA /* balance.json */ = {isa = PBXFileReference; fileEncoding = 4; lastKnownFileType = text.json; path = balance.json; sourceTree = "<group>"; };
		0ED0A0C0222BEBA3007057CA /* accounts.json */ = {isa = PBXFileReference; fileEncoding = 4; lastKnownFileType = text.json; path = accounts.json; sourceTree = "<group>"; };
		0ED0A0C2222BEBB6007057CA /* Account.swift */ = {isa = PBXFileReference; lastKnownFileType = sourcecode.swift; path = Account.swift; sourceTree = "<group>"; };
		0ED0A0C4222BEBCA007057CA /* AccountTests.swift */ = {isa = PBXFileReference; lastKnownFileType = sourcecode.swift; path = AccountTests.swift; sourceTree = "<group>"; };
		0ED0A0C7222BEEB5007057CA /* AccountsResponse.swift */ = {isa = PBXFileReference; lastKnownFileType = sourcecode.swift; path = AccountsResponse.swift; sourceTree = "<group>"; };
		0ED0A0C9222BEF1B007057CA /* AccountsResponseTests.swift */ = {isa = PBXFileReference; lastKnownFileType = sourcecode.swift; path = AccountsResponseTests.swift; sourceTree = "<group>"; };
/* End PBXFileReference section */

/* Begin PBXFrameworksBuildPhase section */
		0ED0A089222BD338007057CA /* Frameworks */ = {
			isa = PBXFrameworksBuildPhase;
			buildActionMask = 2147483647;
			files = (
			);
			runOnlyForDeploymentPostprocessing = 0;
		};
		0ED0A09D222BD339007057CA /* Frameworks */ = {
			isa = PBXFrameworksBuildPhase;
			buildActionMask = 2147483647;
			files = (
			);
			runOnlyForDeploymentPostprocessing = 0;
		};
/* End PBXFrameworksBuildPhase section */

/* Begin PBXGroup section */
		0E1F4402222C6B8B00E60341 /* ViewControllers */ = {
			isa = PBXGroup;
			children = (
				0E1F4403222C6BA000E60341 /* SweepViewController.swift */,
			);
			path = ViewControllers;
			sourceTree = "<group>";
		};
		0E1F4405222C6C1400E60341 /* DataSources */ = {
			isa = PBXGroup;
			children = (
				0E1F4406222C6C2A00E60341 /* DataSource.swift */,
			);
			path = DataSources;
			sourceTree = "<group>";
		};
		0E1F4410222C768D00E60341 /* DataSources */ = {
			isa = PBXGroup;
			children = (
				0E1F4411222C769E00E60341 /* DataSourceTests.swift */,
			);
			path = DataSources;
			sourceTree = "<group>";
		};
		0E1F4415222D2BBC00E60341 /* Protocols */ = {
			isa = PBXGroup;
			children = (
				0E1F4416222D2BCF00E60341 /* ReusableCell.swift */,
				0E1F4420222D32BA00E60341 /* Storyboarded.swift */,
			);
			path = Protocols;
			sourceTree = "<group>";
		};
		0E1F4418222D2FE100E60341 /* Activity */ = {
			isa = PBXGroup;
			children = (
				0E1F4419222D2FEC00E60341 /* Pots */,
			);
			path = Activity;
			sourceTree = "<group>";
		};
		0E1F4419222D2FEC00E60341 /* Pots */ = {
			isa = PBXGroup;
			children = (
				0E1F441A222D302700E60341 /* PotViewController.swift */,
				0E1F4427222D36B800E60341 /* PotViewModel.swift */,
			);
			path = Pots;
			sourceTree = "<group>";
		};
		0E1F4424222D356E00E60341 /* Views */ = {
			isa = PBXGroup;
			children = (
				0E1F4425222D357C00E60341 /* CardCell.swift */,
			);
			path = Views;
			sourceTree = "<group>";
		};
		0E1F442E222D431100E60341 /* Layout */ = {
			isa = PBXGroup;
			children = (
				0E1F442F222D432600E60341 /* PeekPagedFlowLayout.swift */,
			);
			path = Layout;
			sourceTree = "<group>";
		};
		0EC25307222BF681006A5574 /* Helpers */ = {
			isa = PBXGroup;
			children = (
				0EC25308222BF699006A5574 /* DateFormatter+iso8601.swift */,
				0E1F4413222D276C00E60341 /* CollectionViewPartialMock.swift */,
			);
			path = Helpers;
			sourceTree = "<group>";
		};
		0ED0A083222BD338007057CA = {
			isa = PBXGroup;
			children = (
				0ED0A08E222BD338007057CA /* Sweep */,
				0ED0A0A3222BD339007057CA /* SweepTests */,
				0ED0A08D222BD338007057CA /* Products */,
			);
			sourceTree = "<group>";
		};
		0ED0A08D222BD338007057CA /* Products */ = {
			isa = PBXGroup;
			children = (
				0ED0A08C222BD338007057CA /* Sweep.app */,
				0ED0A0A0222BD339007057CA /* SweepTests.xctest */,
			);
			name = Products;
			sourceTree = "<group>";
		};
		0ED0A08E222BD338007057CA /* Sweep */ = {
			isa = PBXGroup;
			children = (
				0E1F442E222D431100E60341 /* Layout */,
				0E1F4418222D2FE100E60341 /* Activity */,
				0ED0A0AF222BD41F007057CA /* App */,
				0E1F4405222C6C1400E60341 /* DataSources */,
				0ED0A0B3222BDAA4007057CA /* Models */,
				0E1F4415222D2BBC00E60341 /* Protocols */,
				0ED0A0B1222BD44C007057CA /* Resources */,
				0ED0A0B0222BD435007057CA /* Storyboards */,
				0ED0A0B9222BDC4B007057CA /* Utilities */,
				0E1F4402222C6B8B00E60341 /* ViewControllers */,
				0E1F4424222D356E00E60341 /* Views */,
			);
			path = Sweep;
			sourceTree = "<group>";
		};
		0ED0A0A3222BD339007057CA /* SweepTests */ = {
			isa = PBXGroup;
			children = (
				0E1F4410222C768D00E60341 /* DataSources */,
				0EC25307222BF681006A5574 /* Helpers */,
				0ED0A0B4222BDAB6007057CA /* Models */,
				0ED0A0A6222BD339007057CA /* Info.plist */,
			);
			path = SweepTests;
			sourceTree = "<group>";
		};
		0ED0A0AF222BD41F007057CA /* App */ = {
			isa = PBXGroup;
			children = (
				0ED0A08F222BD338007057CA /* AppDelegate.swift */,
			);
			path = App;
			sourceTree = "<group>";
		};
		0ED0A0B0222BD435007057CA /* Storyboards */ = {
			isa = PBXGroup;
			children = (
				0ED0A093222BD338007057CA /* Main.storyboard */,
				0ED0A098222BD339007057CA /* LaunchScreen.storyboard */,
			);
			path = Storyboards;
			sourceTree = "<group>";
		};
		0ED0A0B1222BD44C007057CA /* Resources */ = {
			isa = PBXGroup;
			children = (
				0ED0A0BD222BDED2007057CA /* JSON */,
				0ED0A096222BD339007057CA /* Assets.xcassets */,
				0ED0A09B222BD339007057CA /* Info.plist */,
			);
			path = Resources;
			sourceTree = "<group>";
		};
		0ED0A0B3222BDAA4007057CA /* Models */ = {
			isa = PBXGroup;
			children = (
				0ED0A0C2222BEBB6007057CA /* Account.swift */,
				0ED0A0C7222BEEB5007057CA /* AccountsResponse.swift */,
				0ED0A0B5222BDADE007057CA /* Balance.swift */,
				0EC25303222BF5BF006A5574 /* PotsResponse.swift */,
				0EC25305222BF5C5006A5574 /* Pot.swift */,
			);
			path = Models;
			sourceTree = "<group>";
		};
		0ED0A0B4222BDAB6007057CA /* Models */ = {
			isa = PBXGroup;
			children = (
				0ED0A0C9222BEF1B007057CA /* AccountsResponseTests.swift */,
				0ED0A0C4222BEBCA007057CA /* AccountTests.swift */,
				0ED0A0B7222BDAFE007057CA /* BalanceTests.swift */,
				0EC2530A222BF812006A5574 /* PotsResponseTests.swift */,
				0EC2530C222BF889006A5574 /* PotTests.swift */,
			);
			path = Models;
			sourceTree = "<group>";
		};
		0ED0A0B9222BDC4B007057CA /* Utilities */ = {
			isa = PBXGroup;
			children = (
				0ED0A0BA222BDC67007057CA /* JSONLoader.swift */,
			);
			path = Utilities;
			sourceTree = "<group>";
		};
		0ED0A0BD222BDED2007057CA /* JSON */ = {
			isa = PBXGroup;
			children = (
				0ED0A0C0222BEBA3007057CA /* accounts.json */,
				0ED0A0BE222BDEE0007057CA /* balance.json */,
				0EC25301222BF5A6006A5574 /* pots.json */,
			);
			path = JSON;
			sourceTree = "<group>";
		};
/* End PBXGroup section */

/* Begin PBXNativeTarget section */
		0ED0A08B222BD338007057CA /* Sweep */ = {
			isa = PBXNativeTarget;
			buildConfigurationList = 0ED0A0A9222BD339007057CA /* Build configuration list for PBXNativeTarget "Sweep" */;
			buildPhases = (
				0ED0A088222BD338007057CA /* Sources */,
				0ED0A089222BD338007057CA /* Frameworks */,
				0ED0A08A222BD338007057CA /* Resources */,
				0ED0A0B2222BD6FB007057CA /* SwiftLint */,
			);
			buildRules = (
			);
			dependencies = (
			);
			name = Sweep;
			productName = Sweep;
			productReference = 0ED0A08C222BD338007057CA /* Sweep.app */;
			productType = "com.apple.product-type.application";
		};
		0ED0A09F222BD339007057CA /* SweepTests */ = {
			isa = PBXNativeTarget;
			buildConfigurationList = 0ED0A0AC222BD339007057CA /* Build configuration list for PBXNativeTarget "SweepTests" */;
			buildPhases = (
				0ED0A09C222BD339007057CA /* Sources */,
				0ED0A09D222BD339007057CA /* Frameworks */,
				0ED0A09E222BD339007057CA /* Resources */,
			);
			buildRules = (
			);
			dependencies = (
				0ED0A0A2222BD339007057CA /* PBXTargetDependency */,
			);
			name = SweepTests;
			productName = SweepTests;
			productReference = 0ED0A0A0222BD339007057CA /* SweepTests.xctest */;
			productType = "com.apple.product-type.bundle.unit-test";
		};
/* End PBXNativeTarget section */

/* Begin PBXProject section */
		0ED0A084222BD338007057CA /* Project object */ = {
			isa = PBXProject;
			attributes = {
				LastSwiftUpdateCheck = 1010;
				LastUpgradeCheck = 1010;
				ORGANIZATIONNAME = squarefrog;
				TargetAttributes = {
					0ED0A08B222BD338007057CA = {
						CreatedOnToolsVersion = 10.1;
					};
					0ED0A09F222BD339007057CA = {
						CreatedOnToolsVersion = 10.1;
						LastSwiftMigration = 1010;
						TestTargetID = 0ED0A08B222BD338007057CA;
					};
				};
			};
			buildConfigurationList = 0ED0A087222BD338007057CA /* Build configuration list for PBXProject "Sweep" */;
			compatibilityVersion = "Xcode 9.3";
			developmentRegion = en;
			hasScannedForEncodings = 0;
			knownRegions = (
				en,
				Base,
			);
			mainGroup = 0ED0A083222BD338007057CA;
			productRefGroup = 0ED0A08D222BD338007057CA /* Products */;
			projectDirPath = "";
			projectRoot = "";
			targets = (
				0ED0A08B222BD338007057CA /* Sweep */,
				0ED0A09F222BD339007057CA /* SweepTests */,
			);
		};
/* End PBXProject section */

/* Begin PBXResourcesBuildPhase section */
		0ED0A08A222BD338007057CA /* Resources */ = {
			isa = PBXResourcesBuildPhase;
			buildActionMask = 2147483647;
			files = (
				0ED0A09A222BD339007057CA /* LaunchScreen.storyboard in Resources */,
				0ED0A097222BD339007057CA /* Assets.xcassets in Resources */,
				0ED0A0BF222BDEE0007057CA /* balance.json in Resources */,
				0ED0A095222BD338007057CA /* Main.storyboard in Resources */,
				0ED0A0C1222BEBA3007057CA /* accounts.json in Resources */,
				0EC25302222BF5A6006A5574 /* pots.json in Resources */,
			);
			runOnlyForDeploymentPostprocessing = 0;
		};
		0ED0A09E222BD339007057CA /* Resources */ = {
			isa = PBXResourcesBuildPhase;
			buildActionMask = 2147483647;
			files = (
			);
			runOnlyForDeploymentPostprocessing = 0;
		};
/* End PBXResourcesBuildPhase section */

/* Begin PBXShellScriptBuildPhase section */
		0ED0A0B2222BD6FB007057CA /* SwiftLint */ = {
			isa = PBXShellScriptBuildPhase;
			buildActionMask = 2147483647;
			files = (
			);
			inputFileListPaths = (
			);
			inputPaths = (
			);
			name = SwiftLint;
			outputFileListPaths = (
			);
			outputPaths = (
			);
			runOnlyForDeploymentPostprocessing = 0;
			shellPath = /bin/sh;
			shellScript = "if which swiftlint >/dev/null; then\n  swiftlint\nelse\n  echo \"warning: SwiftLint not installed, download from https://github.com/realm/SwiftLint\"\nfi\n";
		};
/* End PBXShellScriptBuildPhase section */

/* Begin PBXSourcesBuildPhase section */
		0ED0A088222BD338007057CA /* Sources */ = {
			isa = PBXSourcesBuildPhase;
			buildActionMask = 2147483647;
			files = (
				0E1F4417222D2BCF00E60341 /* ReusableCell.swift in Sources */,
				0E1F4407222C6C2A00E60341 /* DataSource.swift in Sources */,
				0ED0A0B6222BDADE007057CA /* Balance.swift in Sources */,
				0ED0A0C3222BEBB6007057CA /* Account.swift in Sources */,
				0EC25304222BF5BF006A5574 /* PotsResponse.swift in Sources */,
				0ED0A0C8222BEEB5007057CA /* AccountsResponse.swift in Sources */,
				0E1F441B222D302700E60341 /* PotViewController.swift in Sources */,
				0ED0A090222BD338007057CA /* AppDelegate.swift in Sources */,
				0EC25306222BF5C5006A5574 /* Pot.swift in Sources */,
				0ED0A0BB222BDC67007057CA /* JSONLoader.swift in Sources */,
				0E1F4404222C6BA000E60341 /* SweepViewController.swift in Sources */,
				0E1F4426222D357C00E60341 /* CardCell.swift in Sources */,
				0E1F4430222D432600E60341 /* PeekPagedFlowLayout.swift in Sources */,
				0E1F4428222D36B800E60341 /* PotViewModel.swift in Sources */,
				0E1F4421222D32BA00E60341 /* Storyboarded.swift in Sources */,
			);
			runOnlyForDeploymentPostprocessing = 0;
		};
		0ED0A09C222BD339007057CA /* Sources */ = {
			isa = PBXSourcesBuildPhase;
			buildActionMask = 2147483647;
			files = (
				0E1F4414222D276C00E60341 /* CollectionViewPartialMock.swift in Sources */,
				0ED0A0B8222BDAFE007057CA /* BalanceTests.swift in Sources */,
				0EC25309222BF699006A5574 /* DateFormatter+iso8601.swift in Sources */,
				0EC2530B222BF812006A5574 /* PotsResponseTests.swift in Sources */,
				0ED0A0C5222BEBCA007057CA /* AccountTests.swift in Sources */,
				0ED0A0CA222BEF1B007057CA /* AccountsResponseTests.swift in Sources */,
				0E1F4412222C769E00E60341 /* DataSourceTests.swift in Sources */,
				0EC2530D222BF889006A5574 /* PotTests.swift in Sources */,
			);
			runOnlyForDeploymentPostprocessing = 0;
		};
/* End PBXSourcesBuildPhase section */

/* Begin PBXTargetDependency section */
		0ED0A0A2222BD339007057CA /* PBXTargetDependency */ = {
			isa = PBXTargetDependency;
			target = 0ED0A08B222BD338007057CA /* Sweep */;
			targetProxy = 0ED0A0A1222BD339007057CA /* PBXContainerItemProxy */;
		};
/* End PBXTargetDependency section */

/* Begin PBXVariantGroup section */
		0ED0A093222BD338007057CA /* Main.storyboard */ = {
			isa = PBXVariantGroup;
			children = (
				0ED0A094222BD338007057CA /* Base */,
			);
			name = Main.storyboard;
			sourceTree = "<group>";
		};
		0ED0A098222BD339007057CA /* LaunchScreen.storyboard */ = {
			isa = PBXVariantGroup;
			children = (
				0ED0A099222BD339007057CA /* Base */,
			);
			name = LaunchScreen.storyboard;
			sourceTree = "<group>";
		};
/* End PBXVariantGroup section */

/* Begin XCBuildConfiguration section */
		0ED0A0A7222BD339007057CA /* Debug */ = {
			isa = XCBuildConfiguration;
			buildSettings = {
				ALWAYS_SEARCH_USER_PATHS = NO;
				CLANG_ANALYZER_NONNULL = YES;
				CLANG_ANALYZER_NUMBER_OBJECT_CONVERSION = YES_AGGRESSIVE;
				CLANG_CXX_LANGUAGE_STANDARD = "gnu++14";
				CLANG_CXX_LIBRARY = "libc++";
				CLANG_ENABLE_MODULES = YES;
				CLANG_ENABLE_OBJC_ARC = YES;
				CLANG_ENABLE_OBJC_WEAK = YES;
				CLANG_WARN_BLOCK_CAPTURE_AUTORELEASING = YES;
				CLANG_WARN_BOOL_CONVERSION = YES;
				CLANG_WARN_COMMA = YES;
				CLANG_WARN_CONSTANT_CONVERSION = YES;
				CLANG_WARN_DEPRECATED_OBJC_IMPLEMENTATIONS = YES;
				CLANG_WARN_DIRECT_OBJC_ISA_USAGE = YES_ERROR;
				CLANG_WARN_DOCUMENTATION_COMMENTS = YES;
				CLANG_WARN_EMPTY_BODY = YES;
				CLANG_WARN_ENUM_CONVERSION = YES;
				CLANG_WARN_INFINITE_RECURSION = YES;
				CLANG_WARN_INT_CONVERSION = YES;
				CLANG_WARN_NON_LITERAL_NULL_CONVERSION = YES;
				CLANG_WARN_OBJC_IMPLICIT_RETAIN_SELF = YES;
				CLANG_WARN_OBJC_LITERAL_CONVERSION = YES;
				CLANG_WARN_OBJC_ROOT_CLASS = YES_ERROR;
				CLANG_WARN_RANGE_LOOP_ANALYSIS = YES;
				CLANG_WARN_STRICT_PROTOTYPES = YES;
				CLANG_WARN_SUSPICIOUS_MOVE = YES;
				CLANG_WARN_UNGUARDED_AVAILABILITY = YES_AGGRESSIVE;
				CLANG_WARN_UNREACHABLE_CODE = YES;
				CLANG_WARN__DUPLICATE_METHOD_MATCH = YES;
				CODE_SIGN_IDENTITY = "iPhone Developer";
				COPY_PHASE_STRIP = NO;
				DEBUG_INFORMATION_FORMAT = dwarf;
				ENABLE_STRICT_OBJC_MSGSEND = YES;
				ENABLE_TESTABILITY = YES;
				GCC_C_LANGUAGE_STANDARD = gnu11;
				GCC_DYNAMIC_NO_PIC = NO;
				GCC_NO_COMMON_BLOCKS = YES;
				GCC_OPTIMIZATION_LEVEL = 0;
				GCC_PREPROCESSOR_DEFINITIONS = (
					"DEBUG=1",
					"$(inherited)",
				);
				GCC_WARN_64_TO_32_BIT_CONVERSION = YES;
				GCC_WARN_ABOUT_RETURN_TYPE = YES_ERROR;
				GCC_WARN_UNDECLARED_SELECTOR = YES;
				GCC_WARN_UNINITIALIZED_AUTOS = YES_AGGRESSIVE;
				GCC_WARN_UNUSED_FUNCTION = YES;
				GCC_WARN_UNUSED_VARIABLE = YES;
				IPHONEOS_DEPLOYMENT_TARGET = 12.1;
				MTL_ENABLE_DEBUG_INFO = INCLUDE_SOURCE;
				MTL_FAST_MATH = YES;
				ONLY_ACTIVE_ARCH = YES;
				SDKROOT = iphoneos;
				SWIFT_ACTIVE_COMPILATION_CONDITIONS = DEBUG;
				SWIFT_OPTIMIZATION_LEVEL = "-Onone";
			};
			name = Debug;
		};
		0ED0A0A8222BD339007057CA /* Release */ = {
			isa = XCBuildConfiguration;
			buildSettings = {
				ALWAYS_SEARCH_USER_PATHS = NO;
				CLANG_ANALYZER_NONNULL = YES;
				CLANG_ANALYZER_NUMBER_OBJECT_CONVERSION = YES_AGGRESSIVE;
				CLANG_CXX_LANGUAGE_STANDARD = "gnu++14";
				CLANG_CXX_LIBRARY = "libc++";
				CLANG_ENABLE_MODULES = YES;
				CLANG_ENABLE_OBJC_ARC = YES;
				CLANG_ENABLE_OBJC_WEAK = YES;
				CLANG_WARN_BLOCK_CAPTURE_AUTORELEASING = YES;
				CLANG_WARN_BOOL_CONVERSION = YES;
				CLANG_WARN_COMMA = YES;
				CLANG_WARN_CONSTANT_CONVERSION = YES;
				CLANG_WARN_DEPRECATED_OBJC_IMPLEMENTATIONS = YES;
				CLANG_WARN_DIRECT_OBJC_ISA_USAGE = YES_ERROR;
				CLANG_WARN_DOCUMENTATION_COMMENTS = YES;
				CLANG_WARN_EMPTY_BODY = YES;
				CLANG_WARN_ENUM_CONVERSION = YES;
				CLANG_WARN_INFINITE_RECURSION = YES;
				CLANG_WARN_INT_CONVERSION = YES;
				CLANG_WARN_NON_LITERAL_NULL_CONVERSION = YES;
				CLANG_WARN_OBJC_IMPLICIT_RETAIN_SELF = YES;
				CLANG_WARN_OBJC_LITERAL_CONVERSION = YES;
				CLANG_WARN_OBJC_ROOT_CLASS = YES_ERROR;
				CLANG_WARN_RANGE_LOOP_ANALYSIS = YES;
				CLANG_WARN_STRICT_PROTOTYPES = YES;
				CLANG_WARN_SUSPICIOUS_MOVE = YES;
				CLANG_WARN_UNGUARDED_AVAILABILITY = YES_AGGRESSIVE;
				CLANG_WARN_UNREACHABLE_CODE = YES;
				CLANG_WARN__DUPLICATE_METHOD_MATCH = YES;
				CODE_SIGN_IDENTITY = "iPhone Developer";
				COPY_PHASE_STRIP = NO;
				DEBUG_INFORMATION_FORMAT = "dwarf-with-dsym";
				ENABLE_NS_ASSERTIONS = NO;
				ENABLE_STRICT_OBJC_MSGSEND = YES;
				GCC_C_LANGUAGE_STANDARD = gnu11;
				GCC_NO_COMMON_BLOCKS = YES;
				GCC_WARN_64_TO_32_BIT_CONVERSION = YES;
				GCC_WARN_ABOUT_RETURN_TYPE = YES_ERROR;
				GCC_WARN_UNDECLARED_SELECTOR = YES;
				GCC_WARN_UNINITIALIZED_AUTOS = YES_AGGRESSIVE;
				GCC_WARN_UNUSED_FUNCTION = YES;
				GCC_WARN_UNUSED_VARIABLE = YES;
				IPHONEOS_DEPLOYMENT_TARGET = 12.1;
				MTL_ENABLE_DEBUG_INFO = NO;
				MTL_FAST_MATH = YES;
				SDKROOT = iphoneos;
				SWIFT_COMPILATION_MODE = wholemodule;
				SWIFT_OPTIMIZATION_LEVEL = "-O";
				VALIDATE_PRODUCT = YES;
			};
			name = Release;
		};
		0ED0A0AA222BD339007057CA /* Debug */ = {
			isa = XCBuildConfiguration;
			buildSettings = {
				ASSETCATALOG_COMPILER_APPICON_NAME = AppIcon;
				CODE_SIGN_STYLE = Automatic;
				DEVELOPMENT_TEAM = HKXMUS7LVK;
				INFOPLIST_FILE = "$(SRCROOT)/Sweep/Resources/Info.plist";
				LD_RUNPATH_SEARCH_PATHS = (
					"$(inherited)",
					"@executable_path/Frameworks",
				);
				PRODUCT_BUNDLE_IDENTIFIER = uk.co.squarefrog.Sweep;
				PRODUCT_NAME = "$(TARGET_NAME)";
				SWIFT_VERSION = 4.2;
				TARGETED_DEVICE_FAMILY = 1;
			};
			name = Debug;
		};
		0ED0A0AB222BD339007057CA /* Release */ = {
			isa = XCBuildConfiguration;
			buildSettings = {
				ASSETCATALOG_COMPILER_APPICON_NAME = AppIcon;
				CODE_SIGN_STYLE = Automatic;
				DEVELOPMENT_TEAM = HKXMUS7LVK;
				INFOPLIST_FILE = "$(SRCROOT)/Sweep/Resources/Info.plist";
				LD_RUNPATH_SEARCH_PATHS = (
					"$(inherited)",
					"@executable_path/Frameworks",
				);
				PRODUCT_BUNDLE_IDENTIFIER = uk.co.squarefrog.Sweep;
				PRODUCT_NAME = "$(TARGET_NAME)";
				SWIFT_VERSION = 4.2;
				TARGETED_DEVICE_FAMILY = 1;
			};
			name = Release;
		};
		0ED0A0AD222BD339007057CA /* Debug */ = {
			isa = XCBuildConfiguration;
			buildSettings = {
				ALWAYS_EMBED_SWIFT_STANDARD_LIBRARIES = YES;
				BUNDLE_LOADER = "$(TEST_HOST)";
				CLANG_ENABLE_MODULES = YES;
				CODE_SIGN_STYLE = Automatic;
				DEVELOPMENT_TEAM = HKXMUS7LVK;
				INFOPLIST_FILE = SweepTests/Info.plist;
				LD_RUNPATH_SEARCH_PATHS = (
					"$(inherited)",
					"@executable_path/Frameworks",
					"@loader_path/Frameworks",
				);
				PRODUCT_BUNDLE_IDENTIFIER = uk.co.squarefrog.SweepTests;
				PRODUCT_NAME = "$(TARGET_NAME)";
				SWIFT_OPTIMIZATION_LEVEL = "-Onone";
				SWIFT_VERSION = 4.2;
				TARGETED_DEVICE_FAMILY = "1,2";
				TEST_HOST = "$(BUILT_PRODUCTS_DIR)/Sweep.app/Sweep";
			};
			name = Debug;
		};
		0ED0A0AE222BD339007057CA /* Release */ = {
			isa = XCBuildConfiguration;
			buildSettings = {
				ALWAYS_EMBED_SWIFT_STANDARD_LIBRARIES = YES;
				BUNDLE_LOADER = "$(TEST_HOST)";
				CLANG_ENABLE_MODULES = YES;
				CODE_SIGN_STYLE = Automatic;
				DEVELOPMENT_TEAM = HKXMUS7LVK;
				INFOPLIST_FILE = SweepTests/Info.plist;
				LD_RUNPATH_SEARCH_PATHS = (
					"$(inherited)",
					"@executable_path/Frameworks",
					"@loader_path/Frameworks",
				);
				PRODUCT_BUNDLE_IDENTIFIER = uk.co.squarefrog.SweepTests;
				PRODUCT_NAME = "$(TARGET_NAME)";
				SWIFT_VERSION = 4.2;
				TARGETED_DEVICE_FAMILY = "1,2";
				TEST_HOST = "$(BUILT_PRODUCTS_DIR)/Sweep.app/Sweep";
			};
			name = Release;
		};
/* End XCBuildConfiguration section */

/* Begin XCConfigurationList section */
		0ED0A087222BD338007057CA /* Build configuration list for PBXProject "Sweep" */ = {
			isa = XCConfigurationList;
			buildConfigurations = (
				0ED0A0A7222BD339007057CA /* Debug */,
				0ED0A0A8222BD339007057CA /* Release */,
			);
			defaultConfigurationIsVisible = 0;
			defaultConfigurationName = Release;
		};
		0ED0A0A9222BD339007057CA /* Build configuration list for PBXNativeTarget "Sweep" */ = {
			isa = XCConfigurationList;
			buildConfigurations = (
				0ED0A0AA222BD339007057CA /* Debug */,
				0ED0A0AB222BD339007057CA /* Release */,
			);
			defaultConfigurationIsVisible = 0;
			defaultConfigurationName = Release;
		};
		0ED0A0AC222BD339007057CA /* Build configuration list for PBXNativeTarget "SweepTests" */ = {
			isa = XCConfigurationList;
			buildConfigurations = (
				0ED0A0AD222BD339007057CA /* Debug */,
				0ED0A0AE222BD339007057CA /* Release */,
			);
			defaultConfigurationIsVisible = 0;
			defaultConfigurationName = Release;
		};
/* End XCConfigurationList section */
	};
	rootObject = 0ED0A084222BD338007057CA /* Project object */;
}
